
Microsoft Visual Studio Solution File, Format Version 12.00
# Visual Studio 15
VisualStudioVersion = 15.0.26124.0
MinimumVisualStudioVersion = 15.0.26124.0
Project("{FAE04EC0-301F-11D3-BF4B-00C04F79EFBC}") = "CSh-DS-And-Algos", "src\CSh-DS-And-Algos.csproj", "{15C77906-023E-4E53-820B-C57FA4B93E1F}"
EndProject
Project("{FAE04EC0-301F-11D3-BF4B-00C04F79EFBC}") = "test", "test\test.csproj", "{BC445E1D-4BEB-41DC-B6A8-C4FFB217C296}"
EndProject
Global
	GlobalSection(SolutionConfigurationPlatforms) = preSolution
		Debug|Any CPU = Debug|Any CPU
		Debug|x64 = Debug|x64
		Debug|x86 = Debug|x86
		Release|Any CPU = Release|Any CPU
		Release|x64 = Release|x64
		Release|x86 = Release|x86
	EndGlobalSection
	GlobalSection(SolutionProperties) = preSolution
		HideSolutionNode = FALSE
	EndGlobalSection
	GlobalSection(ProjectConfigurationPlatforms) = postSolution
		{15C77906-023E-4E53-820B-C57FA4B93E1F}.Debug|Any CPU.ActiveCfg = Debug|Any CPU
		{15C77906-023E-4E53-820B-C57FA4B93E1F}.Debug|Any CPU.Build.0 = Debug|Any CPU
		{15C77906-023E-4E53-820B-C57FA4B93E1F}.Debug|x64.ActiveCfg = Debug|Any CPU
		{15C77906-023E-4E53-820B-C57FA4B93E1F}.Debug|x64.Build.0 = Debug|Any CPU
		{15C77906-023E-4E53-820B-C57FA4B93E1F}.Debug|x86.ActiveCfg = Debug|Any CPU
		{15C77906-023E-4E53-820B-C57FA4B93E1F}.Debug|x86.Build.0 = Debug|Any CPU
		{15C77906-023E-4E53-820B-C57FA4B93E1F}.Release|Any CPU.ActiveCfg = Release|Any CPU
		{15C77906-023E-4E53-820B-C57FA4B93E1F}.Release|Any CPU.Build.0 = Release|Any CPU
		{15C77906-023E-4E53-820B-C57FA4B93E1F}.Release|x64.ActiveCfg = Release|Any CPU
		{15C77906-023E-4E53-820B-C57FA4B93E1F}.Release|x64.Build.0 = Release|Any CPU
		{15C77906-023E-4E53-820B-C57FA4B93E1F}.Release|x86.ActiveCfg = Release|Any CPU
		{15C77906-023E-4E53-820B-C57FA4B93E1F}.Release|x86.Build.0 = Release|Any CPU
		{BC445E1D-4BEB-41DC-B6A8-C4FFB217C296}.Debug|Any CPU.ActiveCfg = Debug|Any CPU
		{BC445E1D-4BEB-41DC-B6A8-C4FFB217C296}.Debug|Any CPU.Build.0 = Debug|Any CPU
		{BC445E1D-4BEB-41DC-B6A8-C4FFB217C296}.Debug|x64.ActiveCfg = Debug|Any CPU
		{BC445E1D-4BEB-41DC-B6A8-C4FFB217C296}.Debug|x64.Build.0 = Debug|Any CPU
		{BC445E1D-4BEB-41DC-B6A8-C4FFB217C296}.Debug|x86.ActiveCfg = Debug|Any CPU
		{BC445E1D-4BEB-41DC-B6A8-C4FFB217C296}.Debug|x86.Build.0 = Debug|Any CPU
		{BC445E1D-4BEB-41DC-B6A8-C4FFB217C296}.Release|Any CPU.ActiveCfg = Release|Any CPU
		{BC445E1D-4BEB-41DC-B6A8-C4FFB217C296}.Release|Any CPU.Build.0 = Release|Any CPU
		{BC445E1D-4BEB-41DC-B6A8-C4FFB217C296}.Release|x64.ActiveCfg = Release|Any CPU
		{BC445E1D-4BEB-41DC-B6A8-C4FFB217C296}.Release|x64.Build.0 = Release|Any CPU
		{BC445E1D-4BEB-41DC-B6A8-C4FFB217C296}.Release|x86.ActiveCfg = Release|Any CPU
		{BC445E1D-4BEB-41DC-B6A8-C4FFB217C296}.Release|x86.Build.0 = Release|Any CPU
	EndGlobalSection
EndGlobal
